
Microsoft Visual Studio Solution File, Format Version 12.00
# Visual Studio 15
VisualStudioVersion = 15.0.27130.2036
MinimumVisualStudioVersion = 10.0.40219.1
Project("{FAE04EC0-301F-11D3-BF4B-00C04F79EFBC}") = "Algortithms", "Algortithms\Algortithms.csproj", "{EB3C5693-F9C8-4690-9940-84DF321E4018}"
EndProject
Global
	GlobalSection(SolutionConfigurationPlatforms) = preSolution
		Debug|Any CPU = Debug|Any CPU
		Release|Any CPU = Release|Any CPU
	EndGlobalSection
	GlobalSection(ProjectConfigurationPlatforms) = postSolution
		{EB3C5693-F9C8-4690-9940-84DF321E4018}.Debug|Any CPU.ActiveCfg = Debug|Any CPU
		{EB3C5693-F9C8-4690-9940-84DF321E4018}.Debug|Any CPU.Build.0 = Debug|Any CPU
		{EB3C5693-F9C8-4690-9940-84DF321E4018}.Release|Any CPU.ActiveCfg = Release|Any CPU
		{EB3C5693-F9C8-4690-9940-84DF321E4018}.Release|Any CPU.Build.0 = Release|Any CPU
	EndGlobalSection
	GlobalSection(SolutionProperties) = preSolution
		HideSolutionNode = FALSE
	EndGlobalSection
	GlobalSection(ExtensibilityGlobals) = postSolution
		SolutionGuid = {9D57C037-7375-44D2-9513-CB321D1B5C03}
	EndGlobalSection
EndGlobal
